{
  "name": "frontend",
  "version": "1.0.0",
  "lockfileVersion": 3,
  "requires": true,
  "packages": {
    "": {
      "name": "frontend",
      "version": "1.0.0",
      "license": "ISC",
      "dependencies": {
        "@editorjs/editorjs": "^2.31.0",
        "@editorjs/header": "^2.8.8",
        "@editorjs/image": "^2.10.3",
        "@editorjs/list": "^2.0.9",
        "@editorjs/simple-image": "^1.6.0",
        "@editorjs/table": "^2.4.5",
        "bootstrap": "^5.3.8",
        "filepond": "^4.32.10",
        "filepond-plugin-file-validate-size": "^2.2.8",
        "filepond-plugin-image-crop": "^2.0.6",
        "filepond-plugin-image-edit": "^1.6.3",
        "filepond-plugin-image-exif-orientation": "^1.0.11",
        "filepond-plugin-image-preview": "^4.6.12",
        "filepond-plugin-image-transform": "^3.8.7",
        "filepond-plugin-image-validate-size": "^1.2.7",
        "htmx.org": "^2.0.8",
        "jquery": "^3.7.1",
        "lightbox2": "^2.11.5",
        "sortablejs": "^1.15.6"
      }
    },
    "node_modules/@codexteam/icons": {
      "version": "0.0.5",
      "resolved": "https://registry.npmjs.org/@codexteam/icons/-/icons-0.0.5.tgz",
      "integrity": "sha512-s6H2KXhLz2rgbMZSkRm8dsMJvyUNZsEjxobBEg9ztdrb1B2H3pEzY6iTwI4XUPJWJ3c3qRKwV4TrO3J5jUdoQA==",
      "license": "MIT"
    },
    "node_modules/@editorjs/caret": {
      "version": "1.0.3",
      "resolved": "https://registry.npmjs.org/@editorjs/caret/-/caret-1.0.3.tgz",
      "integrity": "sha512-VmgwQJZgL/LQjk049JunzRV1YCa0vDi+BNEpbDmr5cp3lGZllq9QQFO1eI71ZPzvFVn3vvhb+eOif4sAEyGgbw==",
      "license": "MIT",
      "dependencies": {
        "@editorjs/dom": "^1.0.1"
      }
    },
    "node_modules/@editorjs/dom": {
      "version": "1.0.1",
      "resolved": "https://registry.npmjs.org/@editorjs/dom/-/dom-1.0.1.tgz",
      "integrity": "sha512-yLO+86MYOIUr1Jl7SQw23SYT84ggv6aJW0EIRsI3NTHYgnQzmK7Bt2n5ZFupQlB0GJqmKqA5tCue3NKQb+o7Pw==",
      "license": "MIT",
      "dependencies": {
        "@editorjs/helpers": "^1.0.1"
      }
    },
    "node_modules/@editorjs/editorjs": {
      "version": "2.31.0",
      "resolved": "https://registry.npmjs.org/@editorjs/editorjs/-/editorjs-2.31.0.tgz",
      "integrity": "sha512-CBcIZXtPlg0dSlC5clO9OfTCmcxelj723jd4d67teFlaFJobjjxU1PmMxFJdhaRep5+nqdD0jr+fdJBqEDqt1g==",
      "license": "Apache-2.0",
      "dependencies": {
        "@editorjs/caret": "^1.0.1",
        "codex-notifier": "^1.1.2",
        "codex-tooltip": "^1.0.5"
      }
    },
    "node_modules/@editorjs/header": {
      "version": "2.8.8",
      "resolved": "https://registry.npmjs.org/@editorjs/header/-/header-2.8.8.tgz",
      "integrity": "sha512-bsMSs34u2hoi0UBuRoc5EGWXIFzJiwYgkFUYQGVm63y5FU+s8zPBmVx5Ip2sw1xgs0fqfDROqmteMvvmbCy62w==",
      "license": "MIT",
      "dependencies": {
        "@codexteam/icons": "^0.0.5",
        "@editorjs/editorjs": "^2.29.1"
      }
    },
    "node_modules/@editorjs/helpers": {
      "version": "1.0.1",
      "resolved": "https://registry.npmjs.org/@editorjs/helpers/-/helpers-1.0.1.tgz",
      "integrity": "sha512-Lmr8ImoQvoROXtzhsIJsA1ZtXzH46DmE6O8hMjn9/AvQq62UfjREjn+Ewi6KxjIZMay2PsgDEbLlsVyNJGEaxw==",
      "license": "MIT"
    },
    "node_modules/@editorjs/image": {
      "version": "2.10.3",
      "resolved": "https://registry.npmjs.org/@editorjs/image/-/image-2.10.3.tgz",
      "integrity": "sha512-ekCsGICZOIdghF/U2T34H7CItqaWAoJDXbkRD+x8l/LIo/7Ozf7KovYm21qz+CluArgV4RurVFHqwlz+O0vfJA==",
      "license": "MIT",
      "dependencies": {
        "@codexteam/icons": "^0.3.0"
      }
    },
    "node_modules/@editorjs/image/node_modules/@codexteam/icons": {
      "version": "0.3.3",
      "resolved": "https://registry.npmjs.org/@codexteam/icons/-/icons-0.3.3.tgz",
      "integrity": "sha512-cp7mkZPgmBuSxigTm3Vb+DtVHYeX7qXfQd7o05vcLD8Ag5WvRlol2QSn5P10k0CDAJwmkH9nQGQLBycErS9lsQ==",
      "license": "MIT"
    },
    "node_modules/@editorjs/list": {
      "version": "2.0.9",
      "resolved": "https://registry.npmjs.org/@editorjs/list/-/list-2.0.9.tgz",
      "integrity": "sha512-rUTgDSt5wygD3Dp24bNyp6vvye/Xf4UWju0ZuvWeP13Z4cu2z1Jb5JFSTEhCou72XUGuf4xVhtsd8cm/bwUS1g==",
      "license": "MIT",
      "dependencies": {
        "@codexteam/icons": "^0.3.2"
      }
    },
    "node_modules/@editorjs/list/node_modules/@codexteam/icons": {
      "version": "0.3.3",
      "resolved": "https://registry.npmjs.org/@codexteam/icons/-/icons-0.3.3.tgz",
      "integrity": "sha512-cp7mkZPgmBuSxigTm3Vb+DtVHYeX7qXfQd7o05vcLD8Ag5WvRlol2QSn5P10k0CDAJwmkH9nQGQLBycErS9lsQ==",
      "license": "MIT"
    },
    "node_modules/@editorjs/simple-image": {
      "version": "1.6.0",
      "resolved": "https://registry.npmjs.org/@editorjs/simple-image/-/simple-image-1.6.0.tgz",
      "integrity": "sha512-WvdGfQPlozwZd3PXQrJnRXk6gEYbv1U2vRupYJ6lTd3/UsLInXYUX5jSFcnGB5ZMH3bd0JDZfcb4d4Sv1/1big==",
      "license": "MIT",
      "dependencies": {
        "@codexteam/icons": "^0.0.6"
      }
    },
    "node_modules/@editorjs/simple-image/node_modules/@codexteam/icons": {
      "version": "0.0.6",
      "resolved": "https://registry.npmjs.org/@codexteam/icons/-/icons-0.0.6.tgz",
      "integrity": "sha512-L7Q5PET8PjKcBT5wp7VR+FCjwCi5PUp7rd/XjsgQ0CI5FJz0DphyHGRILMuDUdCW2MQT9NHbVr4QP31vwAkS/A==",
      "license": "MIT"
    },
    "node_modules/@editorjs/table": {
      "version": "2.4.5",
      "resolved": "https://registry.npmjs.org/@editorjs/table/-/table-2.4.5.tgz",
      "integrity": "sha512-pF48R2wc5m0c+N+RjtCLXBGZd23Rl7EjfSFpmcSViwNsu5RwMgYGrEiQ8mzVh98mbvYQwXm/NYBi9DEUUs970A==",
      "license": "MIT",
      "dependencies": {
        "@codexteam/icons": "^0.0.6"
      }
    },
    "node_modules/@editorjs/table/node_modules/@codexteam/icons": {
      "version": "0.0.6",
      "resolved": "https://registry.npmjs.org/@codexteam/icons/-/icons-0.0.6.tgz",
      "integrity": "sha512-L7Q5PET8PjKcBT5wp7VR+FCjwCi5PUp7rd/XjsgQ0CI5FJz0DphyHGRILMuDUdCW2MQT9NHbVr4QP31vwAkS/A==",
      "license": "MIT"
    },
    "node_modules/@popperjs/core": {
      "version": "2.11.8",
      "resolved": "https://registry.npmjs.org/@popperjs/core/-/core-2.11.8.tgz",
      "integrity": "sha512-P1st0aksCrn9sGZhp8GMYwBnQsbvAWsZAX44oXNNvLHGqAOcoVxmjZiohstwQ7SqKnbR47akdNi+uleWD8+g6A==",
      "license": "MIT",
      "peer": true,
      "funding": {
        "type": "opencollective",
        "url": "https://opencollective.com/popperjs"
      }
    },
    "node_modules/bootstrap": {
      "version": "5.3.8",
      "resolved": "https://registry.npmjs.org/bootstrap/-/bootstrap-5.3.8.tgz",
      "integrity": "sha512-HP1SZDqaLDPwsNiqRqi5NcP0SSXciX2s9E+RyqJIIqGo+vJeN5AJVM98CXmW/Wux0nQ5L7jeWUdplCEf0Ee+tg==",
      "funding": [
        {
          "type": "github",
          "url": "https://github.com/sponsors/twbs"
        },
        {
          "type": "opencollective",
          "url": "https://opencollective.com/bootstrap"
        }
      ],
      "license": "MIT",
      "peerDependencies": {
        "@popperjs/core": "^2.11.8"
      }
    },
    "node_modules/codex-notifier": {
      "version": "1.1.2",
      "resolved": "https://registry.npmjs.org/codex-notifier/-/codex-notifier-1.1.2.tgz",
      "integrity": "sha512-DCp6xe/LGueJ1N5sXEwcBc3r3PyVkEEDNWCVigfvywAkeXcZMk9K41a31tkEFBW0Ptlwji6/JlAb49E3Yrxbtg==",
      "license": "MIT"
    },
    "node_modules/codex-tooltip": {
      "version": "1.0.5",
      "resolved": "https://registry.npmjs.org/codex-tooltip/-/codex-tooltip-1.0.5.tgz",
      "integrity": "sha512-IuA8LeyLU5p1B+HyhOsqR6oxyFQ11k3i9e9aXw40CrHFTRO2Y1npNBVU3W1SvhKAbUU7R/YikUBdcYFP0RcJag==",
      "license": "MIT"
    },
    "node_modules/filepond": {
      "version": "4.32.10",
      "resolved": "https://registry.npmjs.org/filepond/-/filepond-4.32.10.tgz",
      "integrity": "sha512-uflpIL+rfAgsYk7HgXugh7ELlHNHLTPtIHfvuq0gv3x2qNfVxdGA6T7RPxMh9Vji8ysXstXkDHVXQ4hY38MPTQ==",
      "license": "MIT"
    },
    "node_modules/filepond-plugin-file-validate-size": {
      "version": "2.2.8",
      "resolved": "https://registry.npmjs.org/filepond-plugin-file-validate-size/-/filepond-plugin-file-validate-size-2.2.8.tgz",
      "integrity": "sha512-yzb8scATmkWqPTP7oKQz6L8WwJm6Xmgc/fuq6DFGRaLz0I7372BUvBsxagBk/hypMIjvieNzhggm33Y60x3rcw==",
      "license": "MIT",
      "peerDependencies": {
        "filepond": ">=3.1.2 <5.x"
      }
    },
    "node_modules/filepond-plugin-image-crop": {
      "version": "2.0.6",
      "resolved": "https://registry.npmjs.org/filepond-plugin-image-crop/-/filepond-plugin-image-crop-2.0.6.tgz",
      "integrity": "sha512-bSy/KND4EP/QtW8MxIj23qgSEPUVRrT8XdktJ+OU9y8xRjFjTG+qcuw1LsycARQYRtzi8cZrD3P4POOITfkywQ==",
      "license": "MIT",
      "peerDependencies": {
        "filepond": ">=3.x <5.x"
      }
    },
    "node_modules/filepond-plugin-image-edit": {
      "version": "1.6.3",
      "resolved": "https://registry.npmjs.org/filepond-plugin-image-edit/-/filepond-plugin-image-edit-1.6.3.tgz",
      "integrity": "sha512-5q3RDaVlfvyI346ckF1DfKw4uN5rfAmUCv7HCG30jBZcGmepg8hFyjVM71uZXYeb4AgLhpCkSPP8Immwig8bzw==",
      "license": "MIT",
      "peerDependencies": {
        "filepond": ">=3.7.2 <5.x"
      }
    },
    "node_modules/filepond-plugin-image-exif-orientation": {
      "version": "1.0.11",
      "resolved": "https://registry.npmjs.org/filepond-plugin-image-exif-orientation/-/filepond-plugin-image-exif-orientation-1.0.11.tgz",
      "integrity": "sha512-hLBc12Fk6Zkj3L8mSAn+elugHOqT5rLUbgVXQQIQjMe0FsGjtpoxqeVR6jt4IWHGat2L9sFAgU2TGmd1mqosCg==",
      "license": "MIT",
      "peerDependencies": {
        "filepond": ">=3.x <5.x"
      }
    },
    "node_modules/filepond-plugin-image-preview": {
      "version": "4.6.12",
      "resolved": "https://registry.npmjs.org/filepond-plugin-image-preview/-/filepond-plugin-image-preview-4.6.12.tgz",
      "integrity": "sha512-Y8ETX5QVV0mbPB0586UH8AUmG9tZg8PuN5bdEAIlZVJFTct5ebViJ7+Am94/VhTPjLqZjBf1zmDq5JU6XRsZKw==",
      "license": "MIT",
      "peerDependencies": {
        "filepond": ">=4.x <5.x"
      }
    },
    "node_modules/filepond-plugin-image-transform": {
      "version": "3.8.7",
      "resolved": "https://registry.npmjs.org/filepond-plugin-image-transform/-/filepond-plugin-image-transform-3.8.7.tgz",
      "integrity": "sha512-vgKwyIDG2y5twanf7YpqZvxkaLudTjwd9vRcoq5sQDB8egUlX5/NA0bQ0823pocrm0fjbFeetICu44mkqeDkIA==",
      "license": "MIT",
      "peerDependencies": {
        "filepond": ">=3.6.0 <5.x"
      }
    },
    "node_modules/filepond-plugin-image-validate-size": {
      "version": "1.2.7",
      "resolved": "https://registry.npmjs.org/filepond-plugin-image-validate-size/-/filepond-plugin-image-validate-size-1.2.7.tgz",
      "integrity": "sha512-Sxu2XTbQHf9HRWu+AQg6zJkww0O6hTXq9IX5/SAJLuvohpF23XTzCNg+29KXr4Wulm70/jSSpMcJURn9AU72rA==",
      "license": "MIT",
      "peerDependencies": {
        "filepond": ">=1.8.x <5.x"
      }
    },
    "node_modules/htmx.org": {
      "version": "2.0.8",
      "resolved": "https://registry.npmjs.org/htmx.org/-/htmx.org-2.0.8.tgz",
      "integrity": "sha512-fm297iru0iWsNJlBrjvtN7V9zjaxd+69Oqjh4F/Vq9Wwi2kFisLcrLCiv5oBX0KLfOX/zG8AUo9ROMU5XUB44Q==",
      "license": "0BSD"
    },
    "node_modules/jquery": {
      "version": "3.7.1",
      "resolved": "https://registry.npmjs.org/jquery/-/jquery-3.7.1.tgz",
      "integrity": "sha512-m4avr8yL8kmFN8psrbFFFmB/If14iN5o9nw/NgnnM+kybDJpRsAynV2BsfpTYrTRysYUdADVD7CkUUizgkpLfg==",
      "license": "MIT"
    },
    "node_modules/lightbox2": {
      "version": "2.11.5",
      "resolved": "https://registry.npmjs.org/lightbox2/-/lightbox2-2.11.5.tgz",
      "integrity": "sha512-IsDqv/D9pjgh7GvwTNvmHF98+nrIcOD17fraXgtx8ivq469y95l5ycLi6SeZAZHdeyD3cGLjYwbDX8SRfWx5fA=="
    },
    "node_modules/sortablejs": {
      "version": "1.15.6",
      "resolved": "https://registry.npmjs.org/sortablejs/-/sortablejs-1.15.6.tgz",
      "integrity": "sha512-aNfiuwMEpfBM/CN6LY0ibyhxPfPbyFeBTYJKCvzkJ2GkUpazIt3H+QIPAMHwqQ7tMKaHz1Qj+rJJCqljnf4p3A==",
      "license": "MIT"
    }
  }
}
